<?xml version="1.0" encoding="utf-8"?>
<Project ToolsVersion="4.0" xmlns="http://schemas.microsoft.com/developer/msbuild/2003">
  <ItemGroup>
    <Filter Include="Source Files">
      <UniqueIdentifier>{4FC737F1-C7A5-4376-A066-2A32D752A2FF}</UniqueIdentifier>
      <Extensions>cpp;c;cc;cxx;def;odl;idl;hpj;bat;asm;asmx</Extensions>
    </Filter>
    <Filter Include="Header Files">
      <UniqueIdentifier>{93995380-89BD-4b04-88EB-625FBE52EBFB}</UniqueIdentifier>
      <Extensions>h;hh;hpp;hxx;hm;inl;inc;xsd</Extensions>
    </Filter>
    <Filter Include="Resource Files">
      <UniqueIdentifier>{67DA6AB6-F800-4c08-8B7A-83BB121AAD01}</UniqueIdentifier>
      <Extensions>rc;ico;cur;bmp;dlg;rc2;rct;bin;rgs;gif;jpg;jpeg;jpe;resx;tiff;tif;png;wav;mfcribbon-ms</Extensions>
    </Filter>
    <Filter Include="DXCommon">
      <UniqueIdentifier>{d6a43dbd-add2-4d5f-81cb-42c27a96406f}</UniqueIdentifier>
    </Filter>
    <Filter Include="DXCommon\Public">
      <UniqueIdentifier>{9f599cfa-2ae5-49ea-9713-f4a6a52cfc02}</UniqueIdentifier>
    </Filter>
    <Filter Include="DXCommon\Private">
      <UniqueIdentifier>{5d158381-a67c-4c6a-8f0e-620dc6c1ae9c}</UniqueIdentifier>
    </Filter>
    <Filter Include="ThorLib">
      <UniqueIdentifier>{c5ed2b84-dd28-4909-b927-6010d5d3de64}</UniqueIdentifier>
    </Filter>
    <Filter Include="ThorLib\ThorCommon">
      <UniqueIdentifier>{c13f17b4-fc83-4653-8f1a-4cf4ece197ef}</UniqueIdentifier>
    </Filter>
    <Filter Include="ThorLib\Platforms">
      <UniqueIdentifier>{08618208-e755-4b6d-9a9f-3b25ffb2115d}</UniqueIdentifier>
    </Filter>
    <Filter Include="ThorLib\Platforms\Basic">
      <UniqueIdentifier>{01195392-5fec-4aba-9938-bbcac0320e38}</UniqueIdentifier>
    </Filter>
    <Filter Include="ThorLib\Platforms\Win32">
      <UniqueIdentifier>{98ed3d82-0903-497b-b390-6f1d6e9a2052}</UniqueIdentifier>
    </Filter>
    <Filter Include="Source Files\BoxApp">
      <UniqueIdentifier>{79980053-3c4c-49b1-a676-924445649214}</UniqueIdentifier>
    </Filter>
    <Filter Include="Source Files\ShapeApp">
      <UniqueIdentifier>{a02bb5b2-637c-494f-9c5e-a1e76d669bed}</UniqueIdentifier>
    </Filter>
    <Filter Include="Source Files\ShapeWithLightApp">
      <UniqueIdentifier>{6cf52f1f-254e-4921-9cd1-5f54a5698ce2}</UniqueIdentifier>
    </Filter>
    <Filter Include="Source Files\ShapeWithLightApp\Shaders">
      <UniqueIdentifier>{439eaf38-f50f-49bd-ba8c-93b996d2a669}</UniqueIdentifier>
    </Filter>
    <Filter Include="ThorLib\Pointer">
      <UniqueIdentifier>{b20e1e37-8d02-4ed4-b2fc-f8b709c238b1}</UniqueIdentifier>
    </Filter>
    <Filter Include="Source Files\CreateWithTexApp">
      <UniqueIdentifier>{4cea1ac7-e9d7-4c4e-8bf9-a8ad382eb501}</UniqueIdentifier>
    </Filter>
    <Filter Include="Source Files\StencilMirror">
      <UniqueIdentifier>{c7b9d715-cce4-4479-834e-e788297541fe}</UniqueIdentifier>
    </Filter>
  </ItemGroup>
  <ItemGroup>
    <ClInclude Include="Common\Camera.h">
      <Filter>DXCommon\Public</Filter>
    </ClInclude>
    <ClInclude Include="Common\d3dApp.h">
      <Filter>DXCommon\Public</Filter>
    </ClInclude>
    <ClInclude Include="Common\d3dUtil.h">
      <Filter>DXCommon\Public</Filter>
    </ClInclude>
    <ClInclude Include="Common\d3dx12.h">
      <Filter>DXCommon\Public</Filter>
    </ClInclude>
    <ClInclude Include="Common\DDSTextureLoader.h">
      <Filter>DXCommon\Public</Filter>
    </ClInclude>
    <ClInclude Include="Common\GameTimer.h">
      <Filter>DXCommon\Public</Filter>
    </ClInclude>
    <ClInclude Include="Common\GeometryGenerator.h">
      <Filter>DXCommon\Public</Filter>
    </ClInclude>
    <ClInclude Include="Common\MathHelper.h">
      <Filter>DXCommon\Public</Filter>
    </ClInclude>
    <ClInclude Include="Common\UploadBuffer.h">
      <Filter>DXCommon\Public</Filter>
    </ClInclude>
    <ClInclude Include="resource.h">
      <Filter>Header Files</Filter>
    </ClInclude>
    <ClInclude Include="ThorLib\ThorCommon\FormatString.h">
      <Filter>ThorLib\ThorCommon</Filter>
    </ClInclude>
    <ClInclude Include="ThorLib\ThorCommon\LogUtils.h">
      <Filter>ThorLib\ThorCommon</Filter>
    </ClInclude>
    <ClInclude Include="ThorLib\Platforms\Basic\Public\BasicPlatformDebug.h">
      <Filter>ThorLib\Platforms\Basic</Filter>
    </ClInclude>
    <ClInclude Include="ThorLib\ThorCommon\DebugOutput.h">
      <Filter>ThorLib\ThorCommon</Filter>
    </ClInclude>
    <ClInclude Include="ThorLib\ThorCommon\BasicTypes.h">
      <Filter>ThorLib\ThorCommon</Filter>
    </ClInclude>
    <ClInclude Include="ThorLib\Platforms\Win32\Win32Debug.h">
      <Filter>ThorLib\Platforms\Win32</Filter>
    </ClInclude>
    <ClInclude Include="ThorLib\ThorCommon\DebugUtils.h">
      <Filter>ThorLib\ThorCommon</Filter>
    </ClInclude>
    <ClInclude Include="ThorLib\Platforms\Basic\Public\BasicFileSystem.h">
      <Filter>ThorLib\Platforms\Basic</Filter>
    </ClInclude>
    <ClInclude Include="Common\FrameResource.h">
      <Filter>DXCommon\Public</Filter>
    </ClInclude>
    <ClInclude Include="Apps\ShapeWithLightAPP\ShapeWithLightApp.h">
      <Filter>Source Files\ShapeWithLightApp</Filter>
    </ClInclude>
    <ClInclude Include="ThorLib\Pointer\TxRefPtr.h">
      <Filter>ThorLib\Pointer</Filter>
    </ClInclude>
    <ClInclude Include="Apps\CreateWithTex\CrateWithTexApp.h">
      <Filter>Source Files\CreateWithTexApp</Filter>
    </ClInclude>
    <ClInclude Include="Apps\CreateWithTex\Waves.h">
      <Filter>Source Files\CreateWithTexApp</Filter>
    </ClInclude>
    <ClInclude Include="Apps\StencilMirrorAndShadow\StencilMirror.h">
      <Filter>Source Files\StencilMirror</Filter>
    </ClInclude>
  </ItemGroup>
  <ItemGroup>
    <ClCompile Include="Common\Camera.cpp">
      <Filter>DXCommon\Private</Filter>
    </ClCompile>
    <ClCompile Include="Common\d3dApp.cpp">
      <Filter>DXCommon\Private</Filter>
    </ClCompile>
    <ClCompile Include="Common\d3dUtil.cpp">
      <Filter>DXCommon\Private</Filter>
    </ClCompile>
    <ClCompile Include="Common\DDSTextureLoader.cpp">
      <Filter>DXCommon\Private</Filter>
    </ClCompile>
    <ClCompile Include="Common\GameTimer.cpp">
      <Filter>DXCommon\Private</Filter>
    </ClCompile>
    <ClCompile Include="Common\GeometryGenerator.cpp">
      <Filter>DXCommon\Private</Filter>
    </ClCompile>
    <ClCompile Include="Common\MathHelper.cpp">
      <Filter>DXCommon\Private</Filter>
    </ClCompile>
    <ClCompile Include="ThorLib\ThorCommon\DebugOutput.cpp">
      <Filter>ThorLib\ThorCommon</Filter>
    </ClCompile>
    <ClCompile Include="ThorLib\Platforms\Win32\Win32Debug.cpp">
      <Filter>ThorLib\Platforms\Win32</Filter>
    </ClCompile>
    <ClCompile Include="ThorLib\Platforms\Basic\Private\BasicPlatformDebug.cpp">
      <Filter>ThorLib\Platforms\Basic</Filter>
    </ClCompile>
    <ClCompile Include="ThorLib\Platforms\Basic\Private\BasicFileSystem.cpp">
      <Filter>ThorLib\Platforms\Basic</Filter>
    </ClCompile>
    <ClCompile Include="Common\FrameResource.cpp">
      <Filter>DXCommon\Private</Filter>
    </ClCompile>
    <ClCompile Include="main.cpp">
      <Filter>Source Files</Filter>
    </ClCompile>
    <ClCompile Include="Apps\ShapeWithLightAPP\ShapeWithLightApp.cpp">
      <Filter>Source Files\ShapeWithLightApp</Filter>
    </ClCompile>
    <ClCompile Include="Apps\CreateWithTex\CrateWithTexApp.cpp">
      <Filter>Source Files\CreateWithTexApp</Filter>
    </ClCompile>
    <ClCompile Include="Apps\CreateWithTex\Waves.cpp">
      <Filter>Source Files\CreateWithTexApp</Filter>
    </ClCompile>
    <ClCompile Include="Apps\StencilMirrorAndShadow\StencilMirror.cpp">
      <Filter>Source Files\StencilMirror</Filter>
    </ClCompile>
  </ItemGroup>
  <ItemGroup>
    <ResourceCompile Include="Dx12Foundation.rc">
      <Filter>Resource Files</Filter>
    </ResourceCompile>
  </ItemGroup>
</Project>